
Microsoft Visual Studio Solution File, Format Version 12.00
# Visual Studio Version 17
VisualStudioVersion = 17.5.33424.131
MinimumVisualStudioVersion = 10.0.40219.1
Project("{FAE04EC0-301F-11D3-BF4B-00C04F79EFBC}") = "LAB1_Linq_To_Objects", "LAB1_Linq_To_Objects\LAB1_Linq_To_Objects.csproj", "{5AF61ABB-71DB-4939-B145-8342E54102DA}"
EndProject
Global
	GlobalSection(SolutionConfigurationPlatforms) = preSolution
		Debug|Any CPU = Debug|Any CPU
		Release|Any CPU = Release|Any CPU
	EndGlobalSection
	GlobalSection(ProjectConfigurationPlatforms) = postSolution
		{5AF61ABB-71DB-4939-B145-8342E54102DA}.Debug|Any CPU.ActiveCfg = Debug|Any CPU
		{5AF61ABB-71DB-4939-B145-8342E54102DA}.Debug|Any CPU.Build.0 = Debug|Any CPU
		{5AF61ABB-71DB-4939-B145-8342E54102DA}.Release|Any CPU.ActiveCfg = Release|Any CPU
		{5AF61ABB-71DB-4939-B145-8342E54102DA}.Release|Any CPU.Build.0 = Release|Any CPU
	EndGlobalSection
	GlobalSection(SolutionProperties) = preSolution
		HideSolutionNode = FALSE
	EndGlobalSection
	GlobalSection(ExtensibilityGlobals) = postSolution
		SolutionGuid = {ABFCDF48-B6E9-4EBD-81E6-5DCEF91B6591}
	EndGlobalSection
EndGlobal
